Microsoft Visual Studio Solution File, Format Version 12.00
# Visual Studio 2012
Project("{FAE04EC0-301F-11D3-BF4B-00C04F79EFBC}") = "Zelda-2D", "Zelda-2D.csproj", "{3948A81E-1052-404C-A1D1-8B2C2E879B19}"
EndProject
Global
	GlobalSection(SolutionConfigurationPlatforms) = preSolution
	Debug|Any CPU = Debug|Any CPU
	ExportDebug|Any CPU = ExportDebug|Any CPU
	ExportRelease|Any CPU = ExportRelease|Any CPU
	EndGlobalSection
	GlobalSection(ProjectConfigurationPlatforms) = postSolution
		{3948A81E-1052-404C-A1D1-8B2C2E879B19}.Debug|Any CPU.ActiveCfg = Debug|Any CPU
		{3948A81E-1052-404C-A1D1-8B2C2E879B19}.Debug|Any CPU.Build.0 = Debug|Any CPU
		{3948A81E-1052-404C-A1D1-8B2C2E879B19}.ExportDebug|Any CPU.ActiveCfg = ExportDebug|Any CPU
		{3948A81E-1052-404C-A1D1-8B2C2E879B19}.ExportDebug|Any CPU.Build.0 = ExportDebug|Any CPU
		{3948A81E-1052-404C-A1D1-8B2C2E879B19}.ExportRelease|Any CPU.ActiveCfg = ExportRelease|Any CPU
		{3948A81E-1052-404C-A1D1-8B2C2E879B19}.ExportRelease|Any CPU.Build.0 = ExportRelease|Any CPU
	EndGlobalSection
EndGlobal
